
Microsoft Visual Studio Solution File, Format Version 12.00
# Visual Studio Version 17
VisualStudioVersion = 17.13.35806.99
MinimumVisualStudioVersion = 10.0.40219.1
Project("{FAE04EC0-301F-11D3-BF4B-00C04F79EFBC}") = "Repos", "Repos\Repos.csproj", "{684022C2-1F49-4E2C-897C-9307C86FCBE7}"
EndProject
Project("{FAE04EC0-301F-11D3-BF4B-00C04F79EFBC}") = "Services", "Services\Services.csproj", "{B08846FD-1080-4712-878D-D4547413C1BC}"
EndProject
Project("{FAE04EC0-301F-11D3-BF4B-00C04F79EFBC}") = "ViewModels", "ViewModels\ViewModels.csproj", "{96703DBF-52D8-4D78-8C1A-7329A2F5581D}"
EndProject
Project("{FAE04EC0-301F-11D3-BF4B-00C04F79EFBC}") = "Products.Web", "Products.Web\Products.Web.csproj", "{016BDAFF-4B57-4A3E-ABCE-C73736A07818}"
EndProject
Project("{FAE04EC0-301F-11D3-BF4B-00C04F79EFBC}") = "Models", "Models\Models.csproj", "{262C6A48-AE34-D77E-44A9-AF0CD30983F0}"
EndProject
Global
	GlobalSection(SolutionConfigurationPlatforms) = preSolution
		Debug|Any CPU = Debug|Any CPU
		Release|Any CPU = Release|Any CPU
	EndGlobalSection
	GlobalSection(ProjectConfigurationPlatforms) = postSolution
		{684022C2-1F49-4E2C-897C-9307C86FCBE7}.Debug|Any CPU.ActiveCfg = Debug|Any CPU
		{684022C2-1F49-4E2C-897C-9307C86FCBE7}.Debug|Any CPU.Build.0 = Debug|Any CPU
		{684022C2-1F49-4E2C-897C-9307C86FCBE7}.Release|Any CPU.ActiveCfg = Release|Any CPU
		{684022C2-1F49-4E2C-897C-9307C86FCBE7}.Release|Any CPU.Build.0 = Release|Any CPU
		{B08846FD-1080-4712-878D-D4547413C1BC}.Debug|Any CPU.ActiveCfg = Debug|Any CPU
		{B08846FD-1080-4712-878D-D4547413C1BC}.Debug|Any CPU.Build.0 = Debug|Any CPU
		{B08846FD-1080-4712-878D-D4547413C1BC}.Release|Any CPU.ActiveCfg = Release|Any CPU
		{B08846FD-1080-4712-878D-D4547413C1BC}.Release|Any CPU.Build.0 = Release|Any CPU
		{96703DBF-52D8-4D78-8C1A-7329A2F5581D}.Debug|Any CPU.ActiveCfg = Debug|Any CPU
		{96703DBF-52D8-4D78-8C1A-7329A2F5581D}.Debug|Any CPU.Build.0 = Debug|Any CPU
		{96703DBF-52D8-4D78-8C1A-7329A2F5581D}.Release|Any CPU.ActiveCfg = Release|Any CPU
		{96703DBF-52D8-4D78-8C1A-7329A2F5581D}.Release|Any CPU.Build.0 = Release|Any CPU
		{016BDAFF-4B57-4A3E-ABCE-C73736A07818}.Debug|Any CPU.ActiveCfg = Debug|Any CPU
		{016BDAFF-4B57-4A3E-ABCE-C73736A07818}.Debug|Any CPU.Build.0 = Debug|Any CPU
		{016BDAFF-4B57-4A3E-ABCE-C73736A07818}.Release|Any CPU.ActiveCfg = Release|Any CPU
		{016BDAFF-4B57-4A3E-ABCE-C73736A07818}.Release|Any CPU.Build.0 = Release|Any CPU
		{262C6A48-AE34-D77E-44A9-AF0CD30983F0}.Debug|Any CPU.ActiveCfg = Debug|Any CPU
		{262C6A48-AE34-D77E-44A9-AF0CD30983F0}.Debug|Any CPU.Build.0 = Debug|Any CPU
		{262C6A48-AE34-D77E-44A9-AF0CD30983F0}.Release|Any CPU.ActiveCfg = Release|Any CPU
		{262C6A48-AE34-D77E-44A9-AF0CD30983F0}.Release|Any CPU.Build.0 = Release|Any CPU
	EndGlobalSection
	GlobalSection(SolutionProperties) = preSolution
		HideSolutionNode = FALSE
	EndGlobalSection
	GlobalSection(ExtensibilityGlobals) = postSolution
		SolutionGuid = {A0D41E07-A5F1-4AEF-B047-FF019D48C749}
	EndGlobalSection
EndGlobal
