
Microsoft Visual Studio Solution File, Format Version 12.00
# Visual Studio Version 17
VisualStudioVersion = 17.13.35806.99 d17.13
MinimumVisualStudioVersion = 10.0.40219.1
Project("{FAE04EC0-301F-11D3-BF4B-00C04F79EFBC}") = "ProductCatalog", "ProductCatalog\ProductCatalog.csproj", "{EB5EF2E4-2D09-417F-9FF4-BA63F0270B6D}"
EndProject
Global
	GlobalSection(SolutionConfigurationPlatforms) = preSolution
		Debug|Any CPU = Debug|Any CPU
		Release|Any CPU = Release|Any CPU
	EndGlobalSection
	GlobalSection(ProjectConfigurationPlatforms) = postSolution
		{EB5EF2E4-2D09-417F-9FF4-BA63F0270B6D}.Debug|Any CPU.ActiveCfg = Debug|Any CPU
		{EB5EF2E4-2D09-417F-9FF4-BA63F0270B6D}.Debug|Any CPU.Build.0 = Debug|Any CPU
		{EB5EF2E4-2D09-417F-9FF4-BA63F0270B6D}.Release|Any CPU.ActiveCfg = Release|Any CPU
		{EB5EF2E4-2D09-417F-9FF4-BA63F0270B6D}.Release|Any CPU.Build.0 = Release|Any CPU
	EndGlobalSection
	GlobalSection(SolutionProperties) = preSolution
		HideSolutionNode = FALSE
	EndGlobalSection
	GlobalSection(ExtensibilityGlobals) = postSolution
		SolutionGuid = {25AA6C77-AFB0-4C59-A7A9-7D9604231BEC}
	EndGlobalSection
EndGlobal
